// !$*UTF8*$!
{
	archiveVersion = 1;
	classes = {
	};
	objectVersion = 46;
	objects = {

/* Begin PBXBuildFile section */
		432324E01CB6BE24001615DE /* PoogleViewController.swift in Sources */ = {isa = PBXBuildFile; fileRef = 432324DF1CB6BE24001615DE /* PoogleViewController.swift */; };
		433704A91CC71ECC003336F4 /* PoogleBasicInfoTableViewCell.swift in Sources */ = {isa = PBXBuildFile; fileRef = 433704A81CC71ECC003336F4 /* PoogleBasicInfoTableViewCell.swift */; };
		433704AB1CC72133003336F4 /* TestimonialTableViewCell.swift in Sources */ = {isa = PBXBuildFile; fileRef = 433704AA1CC72133003336F4 /* TestimonialTableViewCell.swift */; };
		433704AF1CC7CC21003336F4 /* LoginViewController.swift in Sources */ = {isa = PBXBuildFile; fileRef = 433704AE1CC7CC21003336F4 /* LoginViewController.swift */; };
		433704B11CC93022003336F4 /* AVFoundation.framework in Frameworks */ = {isa = PBXBuildFile; fileRef = 433704B01CC93022003336F4 /* AVFoundation.framework */; };
		433704B31CC9302D003336F4 /* CoreData.framework in Frameworks */ = {isa = PBXBuildFile; fileRef = 433704B21CC9302D003336F4 /* CoreData.framework */; };
		433704B51CC93035003336F4 /* CoreText.framework in Frameworks */ = {isa = PBXBuildFile; fileRef = 433704B41CC93035003336F4 /* CoreText.framework */; };
		433704B71CC9303F003336F4 /* GLKit.framework in Frameworks */ = {isa = PBXBuildFile; fileRef = 433704B61CC9303F003336F4 /* GLKit.framework */; };
		433704B91CC93049003336F4 /* ImageIO.framework in Frameworks */ = {isa = PBXBuildFile; fileRef = 433704B81CC93049003336F4 /* ImageIO.framework */; };
		433704BB1CC9305A003336F4 /* OpenGLES.framework in Frameworks */ = {isa = PBXBuildFile; fileRef = 433704BA1CC9305A003336F4 /* OpenGLES.framework */; };
		433704BD1CCEB47A003336F4 /* AddTestimonialViewController.swift in Sources */ = {isa = PBXBuildFile; fileRef = 433704BC1CCEB47A003336F4 /* AddTestimonialViewController.swift */; };
		434795F01C596BB000585CFF /* todo in Resources */ = {isa = PBXBuildFile; fileRef = 434795EF1C596BB000585CFF /* todo */; };
		4361E7A91CAAD5D600D21A1E /* MapViewController.swift in Sources */ = {isa = PBXBuildFile; fileRef = 4361E7A81CAAD5D600D21A1E /* MapViewController.swift */; };
		4361E7AD1CAAD76100D21A1E /* Poogle.swift in Sources */ = {isa = PBXBuildFile; fileRef = 4361E7AC1CAAD76100D21A1E /* Poogle.swift */; };
		4361E7AF1CAAD8B300D21A1E /* User.swift in Sources */ = {isa = PBXBuildFile; fileRef = 4361E7AE1CAAD8B300D21A1E /* User.swift */; };
		4361E7B11CAAD8CA00D21A1E /* Locale.swift in Sources */ = {isa = PBXBuildFile; fileRef = 4361E7B01CAAD8CA00D21A1E /* Locale.swift */; };
		4361E7B31CAAD8D300D21A1E /* Testimonial.swift in Sources */ = {isa = PBXBuildFile; fileRef = 4361E7B21CAAD8D300D21A1E /* Testimonial.swift */; };
		436A79701C62A7A300C36BAE /* libicucore.tbd in Frameworks */ = {isa = PBXBuildFile; fileRef = 436A796F1C62A7A300C36BAE /* libicucore.tbd */; };
		436A79721C62A7B300C36BAE /* libc++.tbd in Frameworks */ = {isa = PBXBuildFile; fileRef = 436A79711C62A7B300C36BAE /* libc++.tbd */; };
		437F6B861CED0BA000F01436 /* GoogleService-Info.plist in Resources */ = {isa = PBXBuildFile; fileRef = 437F6B851CED0BA000F01436 /* GoogleService-Info.plist */; };
		43C75D151CB606AB00B4A1EB /* CustomInfoWindow.swift in Sources */ = {isa = PBXBuildFile; fileRef = 43C75D141CB606AB00B4A1EB /* CustomInfoWindow.swift */; };
		43C75D191CB606CC00B4A1EB /* InfoWindow.xib in Resources */ = {isa = PBXBuildFile; fileRef = 43C75D181CB606CC00B4A1EB /* InfoWindow.xib */; };
		43DCCC271C58854A00B64A85 /* AppDelegate.swift in Sources */ = {isa = PBXBuildFile; fileRef = 43DCCC261C58854A00B64A85 /* AppDelegate.swift */; };
		43DCCC2C1C58854A00B64A85 /* Main.storyboard in Resources */ = {isa = PBXBuildFile; fileRef = 43DCCC2A1C58854A00B64A85 /* Main.storyboard */; };
		43DCCC2E1C58854A00B64A85 /* Assets.xcassets in Resources */ = {isa = PBXBuildFile; fileRef = 43DCCC2D1C58854A00B64A85 /* Assets.xcassets */; };
		43DCCC311C58854A00B64A85 /* LaunchScreen.storyboard in Resources */ = {isa = PBXBuildFile; fileRef = 43DCCC2F1C58854A00B64A85 /* LaunchScreen.storyboard */; };
		43DCCC3E1C5885F400B64A85 /* AudioToolbox.framework in Frameworks */ = {isa = PBXBuildFile; fileRef = 43DCCC3D1C5885F400B64A85 /* AudioToolbox.framework */; };
		43DCCC401C5885FB00B64A85 /* CFNetwork.framework in Frameworks */ = {isa = PBXBuildFile; fileRef = 43DCCC3F1C5885FB00B64A85 /* CFNetwork.framework */; };
		43DCCC421C58860600B64A85 /* CoreGraphics.framework in Frameworks */ = {isa = PBXBuildFile; fileRef = 43DCCC411C58860600B64A85 /* CoreGraphics.framework */; };
		43DCCC441C58860E00B64A85 /* CoreLocation.framework in Frameworks */ = {isa = PBXBuildFile; fileRef = 43DCCC431C58860E00B64A85 /* CoreLocation.framework */; };
		43DCCC461C58861500B64A85 /* QuartzCore.framework in Frameworks */ = {isa = PBXBuildFile; fileRef = 43DCCC451C58861500B64A85 /* QuartzCore.framework */; };
		43DCCC481C58861B00B64A85 /* Security.framework in Frameworks */ = {isa = PBXBuildFile; fileRef = 43DCCC471C58861B00B64A85 /* Security.framework */; };
		43DCCC4A1C58861F00B64A85 /* StoreKit.framework in Frameworks */ = {isa = PBXBuildFile; fileRef = 43DCCC491C58861F00B64A85 /* StoreKit.framework */; };
		43DCCC4C1C58862700B64A85 /* SystemConfiguration.framework in Frameworks */ = {isa = PBXBuildFile; fileRef = 43DCCC4B1C58862700B64A85 /* SystemConfiguration.framework */; };
		43DCCC4E1C58862E00B64A85 /* libz.tbd in Frameworks */ = {isa = PBXBuildFile; fileRef = 43DCCC4D1C58862E00B64A85 /* libz.tbd */; };
		43DCCC501C58863C00B64A85 /* libsqlite3.tbd in Frameworks */ = {isa = PBXBuildFile; fileRef = 43DCCC4F1C58863C00B64A85 /* libsqlite3.tbd */; };
		D41D3005D707BBCAF03B1681 /* Pods_PoogleMaps.framework in Frameworks */ = {isa = PBXBuildFile; fileRef = 245A74ED60BB422794E98497 /* Pods_PoogleMaps.framework */; };
/* End PBXBuildFile section */

/* Begin PBXFileReference section */
		20B9313EE9BF12DEEB289102 /* Pods-PoogleMaps.debug.xcconfig */ = {isa = PBXFileReference; includeInIndex = 1; lastKnownFileType = text.xcconfig; name = "Pods-PoogleMaps.debug.xcconfig"; path = "Pods/Target Support Files/Pods-PoogleMaps/Pods-PoogleMaps.debug.xcconfig"; sourceTree = "<group>"; };
		245A74ED60BB422794E98497 /* Pods_PoogleMaps.framework */ = {isa = PBXFileReference; explicitFileType = wrapper.framework; includeInIndex = 0; path = Pods_PoogleMaps.framework; sourceTree = BUILT_PRODUCTS_DIR; };
		432324DF1CB6BE24001615DE /* PoogleViewController.swift */ = {isa = PBXFileReference; fileEncoding = 4; lastKnownFileType = sourcecode.swift; path = PoogleViewController.swift; sourceTree = "<group>"; };
		433704A81CC71ECC003336F4 /* PoogleBasicInfoTableViewCell.swift */ = {isa = PBXFileReference; fileEncoding = 4; lastKnownFileType = sourcecode.swift; path = PoogleBasicInfoTableViewCell.swift; sourceTree = "<group>"; };
		433704AA1CC72133003336F4 /* TestimonialTableViewCell.swift */ = {isa = PBXFileReference; fileEncoding = 4; lastKnownFileType = sourcecode.swift; path = TestimonialTableViewCell.swift; sourceTree = "<group>"; };
		433704AE1CC7CC21003336F4 /* LoginViewController.swift */ = {isa = PBXFileReference; fileEncoding = 4; lastKnownFileType = sourcecode.swift; path = LoginViewController.swift; sourceTree = "<group>"; };
		433704B01CC93022003336F4 /* AVFoundation.framework */ = {isa = PBXFileReference; lastKnownFileType = wrapper.framework; name = AVFoundation.framework; path = System/Library/Frameworks/AVFoundation.framework; sourceTree = SDKROOT; };
		433704B21CC9302D003336F4 /* CoreData.framework */ = {isa = PBXFileReference; lastKnownFileType = wrapper.framework; name = CoreData.framework; path = System/Library/Frameworks/CoreData.framework; sourceTree = SDKROOT; };
		433704B41CC93035003336F4 /* CoreText.framework */ = {isa = PBXFileReference; lastKnownFileType = wrapper.framework; name = CoreText.framework; path = System/Library/Frameworks/CoreText.framework; sourceTree = SDKROOT; };
		433704B61CC9303F003336F4 /* GLKit.framework */ = {isa = PBXFileReference; lastKnownFileType = wrapper.framework; name = GLKit.framework; path = System/Library/Frameworks/GLKit.framework; sourceTree = SDKROOT; };
		433704B81CC93049003336F4 /* ImageIO.framework */ = {isa = PBXFileReference; lastKnownFileType = wrapper.framework; name = ImageIO.framework; path = System/Library/Frameworks/ImageIO.framework; sourceTree = SDKROOT; };
		433704BA1CC9305A003336F4 /* OpenGLES.framework */ = {isa = PBXFileReference; lastKnownFileType = wrapper.framework; name = OpenGLES.framework; path = System/Library/Frameworks/OpenGLES.framework; sourceTree = SDKROOT; };
		433704BC1CCEB47A003336F4 /* AddTestimonialViewController.swift */ = {isa = PBXFileReference; fileEncoding = 4; lastKnownFileType = sourcecode.swift; path = AddTestimonialViewController.swift; sourceTree = "<group>"; };
		434795EF1C596BB000585CFF /* todo */ = {isa = PBXFileReference; fileEncoding = 4; lastKnownFileType = text; path = todo; sourceTree = "<group>"; };
		4361E7A81CAAD5D600D21A1E /* MapViewController.swift */ = {isa = PBXFileReference; fileEncoding = 4; lastKnownFileType = sourcecode.swift; path = MapViewController.swift; sourceTree = "<group>"; };
		4361E7AC1CAAD76100D21A1E /* Poogle.swift */ = {isa = PBXFileReference; fileEncoding = 4; lastKnownFileType = sourcecode.swift; path = Poogle.swift; sourceTree = "<group>"; };
		4361E7AE1CAAD8B300D21A1E /* User.swift */ = {isa = PBXFileReference; fileEncoding = 4; lastKnownFileType = sourcecode.swift; path = User.swift; sourceTree = "<group>"; };
		4361E7B01CAAD8CA00D21A1E /* Locale.swift */ = {isa = PBXFileReference; fileEncoding = 4; lastKnownFileType = sourcecode.swift; path = Locale.swift; sourceTree = "<group>"; };
		4361E7B21CAAD8D300D21A1E /* Testimonial.swift */ = {isa = PBXFileReference; fileEncoding = 4; lastKnownFileType = sourcecode.swift; path = Testimonial.swift; sourceTree = "<group>"; };
		436A796F1C62A7A300C36BAE /* libicucore.tbd */ = {isa = PBXFileReference; lastKnownFileType = "sourcecode.text-based-dylib-definition"; name = libicucore.tbd; path = usr/lib/libicucore.tbd; sourceTree = SDKROOT; };
		436A79711C62A7B300C36BAE /* libc++.tbd */ = {isa = PBXFileReference; lastKnownFileType = "sourcecode.text-based-dylib-definition"; name = "libc++.tbd"; path = "usr/lib/libc++.tbd"; sourceTree = SDKROOT; };
		437F6B851CED0BA000F01436 /* GoogleService-Info.plist */ = {isa = PBXFileReference; fileEncoding = 4; lastKnownFileType = text.plist.xml; path = "GoogleService-Info.plist"; sourceTree = "<group>"; };
		43C75D141CB606AB00B4A1EB /* CustomInfoWindow.swift */ = {isa = PBXFileReference; fileEncoding = 4; lastKnownFileType = sourcecode.swift; path = CustomInfoWindow.swift; sourceTree = "<group>"; };
		43C75D181CB606CC00B4A1EB /* InfoWindow.xib */ = {isa = PBXFileReference; fileEncoding = 4; lastKnownFileType = file.xib; path = InfoWindow.xib; sourceTree = "<group>"; };
		43DCCC231C58854A00B64A85 /* PoogleMaps.app */ = {isa = PBXFileReference; explicitFileType = wrapper.application; includeInIndex = 0; path = PoogleMaps.app; sourceTree = BUILT_PRODUCTS_DIR; };
		43DCCC261C58854A00B64A85 /* AppDelegate.swift */ = {isa = PBXFileReference; lastKnownFileType = sourcecode.swift; path = AppDelegate.swift; sourceTree = "<group>"; };
		43DCCC2B1C58854A00B64A85 /* Base */ = {isa = PBXFileReference; lastKnownFileType = file.storyboard; name = Base; path = Base.lproj/Main.storyboard; sourceTree = "<group>"; };
		43DCCC2D1C58854A00B64A85 /* Assets.xcassets */ = {isa = PBXFileReference; lastKnownFileType = folder.assetcatalog; path = Assets.xcassets; sourceTree = "<group>"; };
		43DCCC301C58854A00B64A85 /* Base */ = {isa = PBXFileReference; lastKnownFileType = file.storyboard; name = Base; path = Base.lproj/LaunchScreen.storyboard; sourceTree = "<group>"; };
		43DCCC321C58854A00B64A85 /* Info.plist */ = {isa = PBXFileReference; lastKnownFileType = text.plist.xml; path = Info.plist; sourceTree = "<group>"; };
		43DCCC3D1C5885F400B64A85 /* AudioToolbox.framework */ = {isa = PBXFileReference; lastKnownFileType = wrapper.framework; name = AudioToolbox.framework; path = System/Library/Frameworks/AudioToolbox.framework; sourceTree = SDKROOT; };
		43DCCC3F1C5885FB00B64A85 /* CFNetwork.framework */ = {isa = PBXFileReference; lastKnownFileType = wrapper.framework; name = CFNetwork.framework; path = System/Library/Frameworks/CFNetwork.framework; sourceTree = SDKROOT; };
		43DCCC411C58860600B64A85 /* CoreGraphics.framework */ = {isa = PBXFileReference; lastKnownFileType = wrapper.framework; name = CoreGraphics.framework; path = System/Library/Frameworks/CoreGraphics.framework; sourceTree = SDKROOT; };
		43DCCC431C58860E00B64A85 /* CoreLocation.framework */ = {isa = PBXFileReference; lastKnownFileType = wrapper.framework; name = CoreLocation.framework; path = System/Library/Frameworks/CoreLocation.framework; sourceTree = SDKROOT; };
		43DCCC451C58861500B64A85 /* QuartzCore.framework */ = {isa = PBXFileReference; lastKnownFileType = wrapper.framework; name = QuartzCore.framework; path = System/Library/Frameworks/QuartzCore.framework; sourceTree = SDKROOT; };
		43DCCC471C58861B00B64A85 /* Security.framework */ = {isa = PBXFileReference; lastKnownFileType = wrapper.framework; name = Security.framework; path = System/Library/Frameworks/Security.framework; sourceTree = SDKROOT; };
		43DCCC491C58861F00B64A85 /* StoreKit.framework */ = {isa = PBXFileReference; lastKnownFileType = wrapper.framework; name = StoreKit.framework; path = System/Library/Frameworks/StoreKit.framework; sourceTree = SDKROOT; };
		43DCCC4B1C58862700B64A85 /* SystemConfiguration.framework */ = {isa = PBXFileReference; lastKnownFileType = wrapper.framework; name = SystemConfiguration.framework; path = System/Library/Frameworks/SystemConfiguration.framework; sourceTree = SDKROOT; };
		43DCCC4D1C58862E00B64A85 /* libz.tbd */ = {isa = PBXFileReference; lastKnownFileType = "sourcecode.text-based-dylib-definition"; name = libz.tbd; path = usr/lib/libz.tbd; sourceTree = SDKROOT; };
		43DCCC4F1C58863C00B64A85 /* libsqlite3.tbd */ = {isa = PBXFileReference; lastKnownFileType = "sourcecode.text-based-dylib-definition"; name = libsqlite3.tbd; path = usr/lib/libsqlite3.tbd; sourceTree = SDKROOT; };
		E62C14B5FEF22CDE3BCCE949 /* Pods-PoogleMaps.release.xcconfig */ = {isa = PBXFileReference; includeInIndex = 1; lastKnownFileType = text.xcconfig; name = "Pods-PoogleMaps.release.xcconfig"; path = "Pods/Target Support Files/Pods-PoogleMaps/Pods-PoogleMaps.release.xcconfig"; sourceTree = "<group>"; };
/* End PBXFileReference section */

/* Begin PBXFrameworksBuildPhase section */
		43DCCC201C58854A00B64A85 /* Frameworks */ = {
			isa = PBXFrameworksBuildPhase;
			buildActionMask = 2147483647;
			files = (
				433704BB1CC9305A003336F4 /* OpenGLES.framework in Frameworks */,
				433704B91CC93049003336F4 /* ImageIO.framework in Frameworks */,
				433704B71CC9303F003336F4 /* GLKit.framework in Frameworks */,
				433704B51CC93035003336F4 /* CoreText.framework in Frameworks */,
				433704B31CC9302D003336F4 /* CoreData.framework in Frameworks */,
				433704B11CC93022003336F4 /* AVFoundation.framework in Frameworks */,
				436A79721C62A7B300C36BAE /* libc++.tbd in Frameworks */,
				436A79701C62A7A300C36BAE /* libicucore.tbd in Frameworks */,
				43DCCC501C58863C00B64A85 /* libsqlite3.tbd in Frameworks */,
				43DCCC4E1C58862E00B64A85 /* libz.tbd in Frameworks */,
				43DCCC4C1C58862700B64A85 /* SystemConfiguration.framework in Frameworks */,
				43DCCC4A1C58861F00B64A85 /* StoreKit.framework in Frameworks */,
				43DCCC481C58861B00B64A85 /* Security.framework in Frameworks */,
				43DCCC461C58861500B64A85 /* QuartzCore.framework in Frameworks */,
				43DCCC441C58860E00B64A85 /* CoreLocation.framework in Frameworks */,
				43DCCC421C58860600B64A85 /* CoreGraphics.framework in Frameworks */,
				43DCCC401C5885FB00B64A85 /* CFNetwork.framework in Frameworks */,
				43DCCC3E1C5885F400B64A85 /* AudioToolbox.framework in Frameworks */,
				D41D3005D707BBCAF03B1681 /* Pods_PoogleMaps.framework in Frameworks */,
			);
			runOnlyForDeploymentPostprocessing = 0;
		};
/* End PBXFrameworksBuildPhase section */

/* Begin PBXGroup section */
		4304FDF71CAA354F00DFE53D /* Other */ = {
			isa = PBXGroup;
			children = (
				437F6B851CED0BA000F01436 /* GoogleService-Info.plist */,
				43DCCC261C58854A00B64A85 /* AppDelegate.swift */,
				43DCCC2D1C58854A00B64A85 /* Assets.xcassets */,
				43DCCC321C58854A00B64A85 /* Info.plist */,
				434795EF1C596BB000585CFF /* todo */,
			);
			name = Other;
			sourceTree = "<group>";
		};
		4347961A1C629AC600585CFF /* Model */ = {
			isa = PBXGroup;
			children = (
				4361E7AC1CAAD76100D21A1E /* Poogle.swift */,
				4361E7AE1CAAD8B300D21A1E /* User.swift */,
				4361E7B01CAAD8CA00D21A1E /* Locale.swift */,
				4361E7B21CAAD8D300D21A1E /* Testimonial.swift */,
			);
			name = Model;
			sourceTree = "<group>";
		};
		4347961B1C629AD500585CFF /* View */ = {
			isa = PBXGroup;
			children = (
				43DCCC2A1C58854A00B64A85 /* Main.storyboard */,
				43DCCC2F1C58854A00B64A85 /* LaunchScreen.storyboard */,
				43C75D181CB606CC00B4A1EB /* InfoWindow.xib */,
			);
			name = View;
			sourceTree = "<group>";
		};
		4347961C1C629ADB00585CFF /* Controller */ = {
			isa = PBXGroup;
			children = (
				4361E7A81CAAD5D600D21A1E /* MapViewController.swift */,
				43C75D141CB606AB00B4A1EB /* CustomInfoWindow.swift */,
				432324DF1CB6BE24001615DE /* PoogleViewController.swift */,
				433704A81CC71ECC003336F4 /* PoogleBasicInfoTableViewCell.swift */,
				433704AA1CC72133003336F4 /* TestimonialTableViewCell.swift */,
				433704AE1CC7CC21003336F4 /* LoginViewController.swift */,
				433704BC1CCEB47A003336F4 /* AddTestimonialViewController.swift */,
			);
			name = Controller;
			sourceTree = "<group>";
		};
		43DCCC1A1C58854A00B64A85 = {
			isa = PBXGroup;
			children = (
				43DCCC251C58854A00B64A85 /* PoogleMaps */,
				43DCCC241C58854A00B64A85 /* Products */,
				43DCCC381C5885AE00B64A85 /* Frameworks */,
				615BABCEF6831DF620403CD7 /* Pods */,
			);
			sourceTree = "<group>";
		};
		43DCCC241C58854A00B64A85 /* Products */ = {
			isa = PBXGroup;
			children = (
				43DCCC231C58854A00B64A85 /* PoogleMaps.app */,
			);
			name = Products;
			sourceTree = "<group>";
		};
		43DCCC251C58854A00B64A85 /* PoogleMaps */ = {
			isa = PBXGroup;
			children = (
				4347961A1C629AC600585CFF /* Model */,
				4347961B1C629AD500585CFF /* View */,
				4347961C1C629ADB00585CFF /* Controller */,
				4304FDF71CAA354F00DFE53D /* Other */,
			);
			path = PoogleMaps;
			sourceTree = "<group>";
		};
		43DCCC381C5885AE00B64A85 /* Frameworks */ = {
			isa = PBXGroup;
			children = (
				433704BA1CC9305A003336F4 /* OpenGLES.framework */,
				433704B81CC93049003336F4 /* ImageIO.framework */,
				433704B61CC9303F003336F4 /* GLKit.framework */,
				433704B41CC93035003336F4 /* CoreText.framework */,
				433704B21CC9302D003336F4 /* CoreData.framework */,
				433704B01CC93022003336F4 /* AVFoundation.framework */,
				436A79711C62A7B300C36BAE /* libc++.tbd */,
				436A796F1C62A7A300C36BAE /* libicucore.tbd */,
				43DCCC4F1C58863C00B64A85 /* libsqlite3.tbd */,
				43DCCC4D1C58862E00B64A85 /* libz.tbd */,
				43DCCC4B1C58862700B64A85 /* SystemConfiguration.framework */,
				43DCCC491C58861F00B64A85 /* StoreKit.framework */,
				43DCCC471C58861B00B64A85 /* Security.framework */,
				43DCCC451C58861500B64A85 /* QuartzCore.framework */,
				43DCCC431C58860E00B64A85 /* CoreLocation.framework */,
				43DCCC411C58860600B64A85 /* CoreGraphics.framework */,
				43DCCC3F1C5885FB00B64A85 /* CFNetwork.framework */,
				43DCCC3D1C5885F400B64A85 /* AudioToolbox.framework */,
				245A74ED60BB422794E98497 /* Pods_PoogleMaps.framework */,
			);
			name = Frameworks;
			sourceTree = "<group>";
		};
		615BABCEF6831DF620403CD7 /* Pods */ = {
			isa = PBXGroup;
			children = (
				20B9313EE9BF12DEEB289102 /* Pods-PoogleMaps.debug.xcconfig */,
				E62C14B5FEF22CDE3BCCE949 /* Pods-PoogleMaps.release.xcconfig */,
			);
			name = Pods;
			sourceTree = "<group>";
		};
/* End PBXGroup section */

/* Begin PBXNativeTarget section */
		43DCCC221C58854A00B64A85 /* PoogleMaps */ = {
			isa = PBXNativeTarget;
			buildConfigurationList = 43DCCC351C58854A00B64A85 /* Build configuration list for PBXNativeTarget "PoogleMaps" */;
			buildPhases = (
				2D645B08C0A410612B3EC4FC /* 📦 Check Pods Manifest.lock */,
				43DCCC1F1C58854A00B64A85 /* Sources */,
				43DCCC201C58854A00B64A85 /* Frameworks */,
				43DCCC211C58854A00B64A85 /* Resources */,
				81268AEC7AC32E2D5E5FDC7B /* 📦 Embed Pods Frameworks */,
				C818CFA55A733AC7A8A5046A /* 📦 Copy Pods Resources */,
			);
			buildRules = (
			);
			dependencies = (
			);
			name = PoogleMaps;
			productName = PoogleMaps;
			productReference = 43DCCC231C58854A00B64A85 /* PoogleMaps.app */;
			productType = "com.apple.product-type.application";
		};
/* End PBXNativeTarget section */

/* Begin PBXProject section */
		43DCCC1B1C58854A00B64A85 /* Project object */ = {
			isa = PBXProject;
			attributes = {
				LastSwiftUpdateCheck = 0730;
				LastUpgradeCheck = 0800;
				ORGANIZATIONNAME = "Patrick Hansen";
				TargetAttributes = {
					43DCCC221C58854A00B64A85 = {
						CreatedOnToolsVersion = 7.2;
						DevelopmentTeam = NY8624AGB8;
						LastSwiftMigration = 0800;
					};
				};
			};
			buildConfigurationList = 43DCCC1E1C58854A00B64A85 /* Build configuration list for PBXProject "PoogleMaps" */;
			compatibilityVersion = "Xcode 3.2";
			developmentRegion = English;
			hasScannedForEncodings = 0;
			knownRegions = (
				en,
				Base,
			);
			mainGroup = 43DCCC1A1C58854A00B64A85;
			productRefGroup = 43DCCC241C58854A00B64A85 /* Products */;
			projectDirPath = "";
			projectRoot = "";
			targets = (
				43DCCC221C58854A00B64A85 /* PoogleMaps */,
			);
		};
/* End PBXProject section */

/* Begin PBXResourcesBuildPhase section */
		43DCCC211C58854A00B64A85 /* Resources */ = {
			isa = PBXResourcesBuildPhase;
			buildActionMask = 2147483647;
			files = (
				43DCCC311C58854A00B64A85 /* LaunchScreen.storyboard in Resources */,
				43C75D191CB606CC00B4A1EB /* InfoWindow.xib in Resources */,
				43DCCC2E1C58854A00B64A85 /* Assets.xcassets in Resources */,
				434795F01C596BB000585CFF /* todo in Resources */,
				43DCCC2C1C58854A00B64A85 /* Main.storyboard in Resources */,
				437F6B861CED0BA000F01436 /* GoogleService-Info.plist in Resources */,
			);
			runOnlyForDeploymentPostprocessing = 0;
		};
/* End PBXResourcesBuildPhase section */

/* Begin PBXShellScriptBuildPhase section */
		2D645B08C0A410612B3EC4FC /* 📦 Check Pods Manifest.lock */ = {
			isa = PBXShellScriptBuildPhase;
			buildActionMask = 2147483647;
			files = (
			);
			inputPaths = (
			);
			name = "📦 Check Pods Manifest.lock";
			outputPaths = (
			);
			runOnlyForDeploymentPostprocessing = 0;
			shellPath = /bin/sh;
			shellScript = "diff \"${PODS_ROOT}/../Podfile.lock\" \"${PODS_ROOT}/Manifest.lock\" > /dev/null\nif [[ $? != 0 ]] ; then\n    cat << EOM\nerror: The sandbox is not in sync with the Podfile.lock. Run 'pod install' or update your CocoaPods installation.\nEOM\n    exit 1\nfi\n";
			showEnvVarsInLog = 0;
		};
		81268AEC7AC32E2D5E5FDC7B /* 📦 Embed Pods Frameworks */ = {
			isa = PBXShellScriptBuildPhase;
			buildActionMask = 2147483647;
			files = (
			);
			inputPaths = (
			);
			name = "📦 Embed Pods Frameworks";
			outputPaths = (
			);
			runOnlyForDeploymentPostprocessing = 0;
			shellPath = /bin/sh;
			shellScript = "\"${SRCROOT}/Pods/Target Support Files/Pods-PoogleMaps/Pods-PoogleMaps-frameworks.sh\"\n";
			showEnvVarsInLog = 0;
		};
		C818CFA55A733AC7A8A5046A /* 📦 Copy Pods Resources */ = {
			isa = PBXShellScriptBuildPhase;
			buildActionMask = 2147483647;
			files = (
			);
			inputPaths = (
			);
			name = "📦 Copy Pods Resources";
			outputPaths = (
			);
			runOnlyForDeploymentPostprocessing = 0;
			shellPath = /bin/sh;
			shellScript = "\"${SRCROOT}/Pods/Target Support Files/Pods-PoogleMaps/Pods-PoogleMaps-resources.sh\"\n";
			showEnvVarsInLog = 0;
		};
/* End PBXShellScriptBuildPhase section */

/* Begin PBXSourcesBuildPhase section */
		43DCCC1F1C58854A00B64A85 /* Sources */ = {
			isa = PBXSourcesBuildPhase;
			buildActionMask = 2147483647;
			files = (
				4361E7AD1CAAD76100D21A1E /* Poogle.swift in Sources */,
				4361E7A91CAAD5D600D21A1E /* MapViewController.swift in Sources */,
				432324E01CB6BE24001615DE /* PoogleViewController.swift in Sources */,
				4361E7AF1CAAD8B300D21A1E /* User.swift in Sources */,
				43DCCC271C58854A00B64A85 /* AppDelegate.swift in Sources */,
				433704A91CC71ECC003336F4 /* PoogleBasicInfoTableViewCell.swift in Sources */,
				4361E7B11CAAD8CA00D21A1E /* Locale.swift in Sources */,
				4361E7B31CAAD8D300D21A1E /* Testimonial.swift in Sources */,
				43C75D151CB606AB00B4A1EB /* CustomInfoWindow.swift in Sources */,
				433704AB1CC72133003336F4 /* TestimonialTableViewCell.swift in Sources */,
				433704BD1CCEB47A003336F4 /* AddTestimonialViewController.swift in Sources */,
				433704AF1CC7CC21003336F4 /* LoginViewController.swift in Sources */,
			);
			runOnlyForDeploymentPostprocessing = 0;
		};
/* End PBXSourcesBuildPhase section */

/* Begin PBXVariantGroup section */
		43DCCC2A1C58854A00B64A85 /* Main.storyboard */ = {
			isa = PBXVariantGroup;
			children = (
				43DCCC2B1C58854A00B64A85 /* Base */,
			);
			name = Main.storyboard;
			sourceTree = "<group>";
		};
		43DCCC2F1C58854A00B64A85 /* LaunchScreen.storyboard */ = {
			isa = PBXVariantGroup;
			children = (
				43DCCC301C58854A00B64A85 /* Base */,
			);
			name = LaunchScreen.storyboard;
			sourceTree = "<group>";
		};
/* End PBXVariantGroup section */

/* Begin XCBuildConfiguration section */
		43DCCC331C58854A00B64A85 /* Debug */ = {
			isa = XCBuildConfiguration;
			buildSettings = {
				ALWAYS_SEARCH_USER_PATHS = NO;
				CLANG_CXX_LANGUAGE_STANDARD = "gnu++0x";
				CLANG_CXX_LIBRARY = "libc++";
				CLANG_ENABLE_MODULES = YES;
				CLANG_ENABLE_OBJC_ARC = YES;
				CLANG_WARN_BOOL_CONVERSION = YES;
				CLANG_WARN_CONSTANT_CONVERSION = YES;
				CLANG_WARN_DIRECT_OBJC_ISA_USAGE = YES_ERROR;
				CLANG_WARN_EMPTY_BODY = YES;
				CLANG_WARN_ENUM_CONVERSION = YES;
				CLANG_WARN_INFINITE_RECURSION = YES;
				CLANG_WARN_INT_CONVERSION = YES;
				CLANG_WARN_OBJC_ROOT_CLASS = YES_ERROR;
				CLANG_WARN_SUSPICIOUS_MOVE = YES;
				CLANG_WARN_UNREACHABLE_CODE = YES;
				CLANG_WARN__DUPLICATE_METHOD_MATCH = YES;
				CODE_SIGN_IDENTITY = "iPhone Distribution: Patrick Hansen (NY8624AGB8)";
				"CODE_SIGN_IDENTITY[sdk=iphoneos*]" = "iPhone Distribution";
				COPY_PHASE_STRIP = NO;
				DEBUG_INFORMATION_FORMAT = dwarf;
				ENABLE_STRICT_OBJC_MSGSEND = YES;
				ENABLE_TESTABILITY = YES;
				FRAMEWORK_SEARCH_PATHS = "$(inherited)";
				GCC_C_LANGUAGE_STANDARD = gnu99;
				GCC_DYNAMIC_NO_PIC = NO;
				GCC_NO_COMMON_BLOCKS = YES;
				GCC_OPTIMIZATION_LEVEL = 0;
				GCC_PREPROCESSOR_DEFINITIONS = (
					"DEBUG=1",
					"$(inherited)",
				);
				GCC_WARN_64_TO_32_BIT_CONVERSION = YES;
				GCC_WARN_ABOUT_RETURN_TYPE = YES_ERROR;
				GCC_WARN_UNDECLARED_SELECTOR = YES;
				GCC_WARN_UNINITIALIZED_AUTOS = YES_AGGRESSIVE;
				GCC_WARN_UNUSED_FUNCTION = YES;
				GCC_WARN_UNUSED_VARIABLE = YES;
				IPHONEOS_DEPLOYMENT_TARGET = 9.3;
				MTL_ENABLE_DEBUG_INFO = YES;
				ONLY_ACTIVE_ARCH = YES;
				OTHER_LDFLAGS = "-ObjC";
				PROVISIONING_PROFILE = "c751b248-352b-4b38-974c-c9ced45ce977";
				SDKROOT = iphoneos;
				SWIFT_OPTIMIZATION_LEVEL = "-Onone";
				TARGETED_DEVICE_FAMILY = "1,2";
			};
			name = Debug;
		};
		43DCCC341C58854A00B64A85 /* Release */ = {
			isa = XCBuildConfiguration;
			buildSettings = {
				ALWAYS_SEARCH_USER_PATHS = NO;
				CLANG_CXX_LANGUAGE_STANDARD = "gnu++0x";
				CLANG_CXX_LIBRARY = "libc++";
				CLANG_ENABLE_MODULES = YES;
				CLANG_ENABLE_OBJC_ARC = YES;
				CLANG_WARN_BOOL_CONVERSION = YES;
				CLANG_WARN_CONSTANT_CONVERSION = YES;
				CLANG_WARN_DIRECT_OBJC_ISA_USAGE = YES_ERROR;
				CLANG_WARN_EMPTY_BODY = YES;
				CLANG_WARN_ENUM_CONVERSION = YES;
				CLANG_WARN_INFINITE_RECURSION = YES;
				CLANG_WARN_INT_CONVERSION = YES;
				CLANG_WARN_OBJC_ROOT_CLASS = YES_ERROR;
				CLANG_WARN_SUSPICIOUS_MOVE = YES;
				CLANG_WARN_UNREACHABLE_CODE = YES;
				CLANG_WARN__DUPLICATE_METHOD_MATCH = YES;
				CODE_SIGN_IDENTITY = "iPhone Distribution: Patrick Hansen (NY8624AGB8)";
				"CODE_SIGN_IDENTITY[sdk=iphoneos*]" = "iPhone Distribution";
				COPY_PHASE_STRIP = NO;
				DEBUG_INFORMATION_FORMAT = "dwarf-with-dsym";
				ENABLE_NS_ASSERTIONS = NO;
				ENABLE_STRICT_OBJC_MSGSEND = YES;
				FRAMEWORK_SEARCH_PATHS = "$(inherited)";
				GCC_C_LANGUAGE_STANDARD = gnu99;
				GCC_NO_COMMON_BLOCKS = YES;
				GCC_WARN_64_TO_32_BIT_CONVERSION = YES;
				GCC_WARN_ABOUT_RETURN_TYPE = YES_ERROR;
				GCC_WARN_UNDECLARED_SELECTOR = YES;
				GCC_WARN_UNINITIALIZED_AUTOS = YES_AGGRESSIVE;
				GCC_WARN_UNUSED_FUNCTION = YES;
				GCC_WARN_UNUSED_VARIABLE = YES;
				IPHONEOS_DEPLOYMENT_TARGET = 9.3;
				MTL_ENABLE_DEBUG_INFO = NO;
				OTHER_LDFLAGS = "-ObjC";
				PROVISIONING_PROFILE = "c751b248-352b-4b38-974c-c9ced45ce977";
				SDKROOT = iphoneos;
				SWIFT_OPTIMIZATION_LEVEL = "-Owholemodule";
				TARGETED_DEVICE_FAMILY = "1,2";
				VALIDATE_PRODUCT = YES;
			};
			name = Release;
		};
		43DCCC361C58854A00B64A85 /* Debug */ = {
			isa = XCBuildConfiguration;
			baseConfigurationReference = 20B9313EE9BF12DEEB289102 /* Pods-PoogleMaps.debug.xcconfig */;
			buildSettings = {
				ASSETCATALOG_COMPILER_APPICON_NAME = AppIcon;
				CLANG_ENABLE_MODULES = YES;
				CODE_SIGN_IDENTITY = "iPhone Developer: Patrick Hansen (FM23UB944W)";
				"CODE_SIGN_IDENTITY[sdk=iphoneos*]" = "iPhone Developer: Patrick Hansen (FM23UB944W)";
				DEVELOPMENT_TEAM = NY8624AGB8;
				FRAMEWORK_SEARCH_PATHS = (
					"$(inherited)",
					"$(PROJECT_DIR)",
				);
				INFOPLIST_FILE = PoogleMaps/Info.plist;
				LD_RUNPATH_SEARCH_PATHS = "$(inherited) @executable_path/Frameworks";
				LIBRARY_SEARCH_PATHS = "$(inherited)";
				PRODUCT_BUNDLE_IDENTIFIER = self.nd.PoogleMaps;
				PRODUCT_NAME = "$(TARGET_NAME)";
				PROVISIONING_PROFILE = "d65bad5f-5d0d-464a-bbff-ccc6092b7fec";
				PROVISIONING_PROFILE_SPECIFIER = "Poogle Dev";
				SWIFT_OBJC_BRIDGING_HEADER = "";
				SWIFT_OPTIMIZATION_LEVEL = "-Onone";
				SWIFT_VERSION = 3.0;
			};
			name = Debug;
		};
		43DCCC371C58854A00B64A85 /* Release */ = {
			isa = XCBuildConfiguration;
			baseConfigurationReference = E62C14B5FEF22CDE3BCCE949 /* Pods-PoogleMaps.release.xcconfig */;
			buildSettings = {
				ASSETCATALOG_COMPILER_APPICON_NAME = AppIcon;
				CLANG_ENABLE_MODULES = YES;
				CODE_SIGN_IDENTITY = "iPhone Developer: Patrick Hansen (FM23UB944W)";
				"CODE_SIGN_IDENTITY[sdk=iphoneos*]" = "iPhone Developer: Patrick Hansen (FM23UB944W)";
				DEVELOPMENT_TEAM = NY8624AGB8;
				FRAMEWORK_SEARCH_PATHS = (
					"$(inherited)",
					"$(PROJECT_DIR)",
				);
				INFOPLIST_FILE = PoogleMaps/Info.plist;
				LD_RUNPATH_SEARCH_PATHS = "$(inherited) @executable_path/Frameworks";
				LIBRARY_SEARCH_PATHS = "$(inherited)";
				PRODUCT_BUNDLE_IDENTIFIER = self.nd.PoogleMaps;
				PRODUCT_NAME = "$(TARGET_NAME)";
				PROVISIONING_PROFILE = "d65bad5f-5d0d-464a-bbff-ccc6092b7fec";
				PROVISIONING_PROFILE_SPECIFIER = "Poogle Dev";
				SWIFT_OBJC_BRIDGING_HEADER = "";
				SWIFT_VERSION = 3.0;
			};
			name = Release;
		};
/* End XCBuildConfiguration section */

/* Begin XCConfigurationList section */
		43DCCC1E1C58854A00B64A85 /* Build configuration list for PBXProject "PoogleMaps" */ = {
			isa = XCConfigurationList;
			buildConfigurations = (
				43DCCC331C58854A00B64A85 /* Debug */,
				43DCCC341C58854A00B64A85 /* Release */,
			);
			defaultConfigurationIsVisible = 0;
			defaultConfigurationName = Release;
		};
		43DCCC351C58854A00B64A85 /* Build configuration list for PBXNativeTarget "PoogleMaps" */ = {
			isa = XCConfigurationList;
			buildConfigurations = (
				43DCCC361C58854A00B64A85 /* Debug */,
				43DCCC371C58854A00B64A85 /* Release */,
			);
			defaultConfigurationIsVisible = 0;
			defaultConfigurationName = Release;
		};
/* End XCConfigurationList section */
	};
	rootObject = 43DCCC1B1C58854A00B64A85 /* Project object */;
}
